
Microsoft Visual Studio Solution File, Format Version 12.00
# Visual Studio 15
VisualStudioVersion = 15.0.28307.1831
MinimumVisualStudioVersion = 10.0.40219.1
Project("{FAE04EC0-301F-11D3-BF4B-00C04F79EFBC}") = "uyg02", "uyg02\uyg02.csproj", "{54475021-34B4-4F52-B271-E8C49CA5D02C}"
EndProject
Global
	GlobalSection(SolutionConfigurationPlatforms) = preSolution
		Debug|Any CPU = Debug|Any CPU
		Release|Any CPU = Release|Any CPU
	EndGlobalSection
	GlobalSection(ProjectConfigurationPlatforms) = postSolution
		{54475021-34B4-4F52-B271-E8C49CA5D02C}.Debug|Any CPU.ActiveCfg = Debug|Any CPU
		{54475021-34B4-4F52-B271-E8C49CA5D02C}.Debug|Any CPU.Build.0 = Debug|Any CPU
		{54475021-34B4-4F52-B271-E8C49CA5D02C}.Release|Any CPU.ActiveCfg = Release|Any CPU
		{54475021-34B4-4F52-B271-E8C49CA5D02C}.Release|Any CPU.Build.0 = Release|Any CPU
	EndGlobalSection
	GlobalSection(SolutionProperties) = preSolution
		HideSolutionNode = FALSE
	EndGlobalSection
	GlobalSection(ExtensibilityGlobals) = postSolution
		SolutionGuid = {6A1B62CD-5E83-4BCC-818D-B98654814CEA}
	EndGlobalSection
EndGlobal
